{
  "nodes": {
    "nixpkgs": {
      "locked": {
        "lastModified": 1766885793,
        "narHash": "sha256-P6RVkrM9JLCW6xBjSwHfgTOQ1JwBUma5xe5LI8xAPC0=",
        "rev": "9ef261221d1e72399f2036786498d78c38185c46",
        "revCount": 904506,
        "type": "tarball",
        "url": "https://api.flakehub.com/f/pinned/NixOS/nixpkgs/0.2511.904506%2Brev-9ef261221d1e72399f2036786498d78c38185c46/019b6b31-6b71-7c6b-beee-42329e2acebe/source.tar.gz?rev=9ef261221d1e72399f2036786498d78c38185c46&revCount=904506"
      },
      "original": {
        "type": "tarball",
        "url": "https://flakehub.com/f/NixOS/nixpkgs/0"
      }
    },
    "nixpkgs_2": {
      "locked": {
        "lastModified": 1744536153,
        "narHash": "sha256-awS2zRgF4uTwrOKwwiJcByDzDOdo3Q1rPZbiHQg/N38=",
        "owner": "NixOS",
        "repo": "nixpkgs",
        "rev": "18dd725c29603f582cf1900e0d25f9f1063dbf11",
        "type": "github"
      },
      "original": {
        "owner": "NixOS",
        "ref": "nixpkgs-unstable",
        "repo": "nixpkgs",
        "type": "github"
      }
    },
    "root": {
      "inputs": {
        "nixpkgs": "nixpkgs",
        "rust-overlay": "rust-overlay"
      }
    },
    "rust-overlay": {
      "inputs": {
        "nixpkgs": "nixpkgs_2"
      },
      "locked": {
        "lastModified": 1767062690,
        "narHash": "sha256-hfKAOJQYbR0mlwabV56tOlEMUgESRroHqlDpX0hwOpU=",
        "rev": "943d2d0bf1b86267287aff826ebd1138d83113b7",
        "revCount": 2026,
        "type": "tarball",
        "url": "https://api.flakehub.com/f/pinned/oxalica/rust-overlay/0.1.2026%2Brev-943d2d0bf1b86267287aff826ebd1138d83113b7/019b6d27-72f8-71b3-b044-fef2c9d9c4ae/source.tar.gz?rev=943d2d0bf1b86267287aff826ebd1138d83113b7&revCount=2026"
      },
      "original": {
        "type": "tarball",
        "url": "https://flakehub.com/f/oxalica/rust-overlay/%2A"
      }
    }
  },
  "root": "root",
  "version": 7
}
